
Microsoft Visual Studio Solution File, Format Version 12.00
Project("{FAE04EC0-301F-11D3-BF4B-00C04F79EFBC}") = "ReaperKing.StaticConfig", "ReaperKing.StaticConfig\ReaperKing.StaticConfig.csproj", "{E6F52C23-9E60-4666-9F3A-A38D1039869A}"
EndProject
Project("{FAE04EC0-301F-11D3-BF4B-00C04F79EFBC}") = "ReaperKing.Core", "ReaperKing.Core\ReaperKing.Core.csproj", "{FE9301B2-DA74-4379-92E1-FA94E08A1788}"
EndProject
Project("{FAE04EC0-301F-11D3-BF4B-00C04F79EFBC}") = "ReaperKing.Builder", "ReaperKing.Builder\ReaperKing.Builder.csproj", "{77A094AC-D306-415E-A2C7-B620C6EB2741}"
EndProject
Project("{FAE04EC0-301F-11D3-BF4B-00C04F79EFBC}") = "ReaperKing.Generation.ARK", "ReaperKing.Generation.ARK\ReaperKing.Generation.ARK.csproj", "{00441C0C-1958-4F50-B2B8-0853339788C1}"
EndProject
Project("{FAE04EC0-301F-11D3-BF4B-00C04F79EFBC}") = "ReaperKing.Generation.Tools", "ReaperKing.Generation.Tools\ReaperKing.Generation.Tools.csproj", "{7C9D4FA0-A483-4689-A612-F48222A0E92C}"
EndProject
Project("{FAE04EC0-301F-11D3-BF4B-00C04F79EFBC}") = "ReaperKing.Anhydrate", "ReaperKing.Anhydrate\ReaperKing.Anhydrate.csproj", "{871FC3F2-BEBB-4A62-9E87-A08C7DEFFA07}"
EndProject
Project("{FAE04EC0-301F-11D3-BF4B-00C04F79EFBC}") = "ReaperKing.CommonTemplates", "ReaperKing.CommonTemplates\ReaperKing.CommonTemplates.csproj", "{7BAF9082-99A2-4821-BF98-C028EDA53015}"
EndProject
Project("{FAE04EC0-301F-11D3-BF4B-00C04F79EFBC}") = "Noglin.Core", "Noglin.Core\Noglin.Core.csproj", "{D7847279-3F0B-4EDD-9402-3BA0178C9EA1}"
EndProject
Project("{FAE04EC0-301F-11D3-BF4B-00C04F79EFBC}") = "ReaperKing.Plugins.ImageOptimization", "ReaperKing.Plugins.ImageOptimization\ReaperKing.Plugins.ImageOptimization.csproj", "{BA321F63-5D71-49E4-B005-950BFFAEDD80}"
EndProject
Project("{FAE04EC0-301F-11D3-BF4B-00C04F79EFBC}") = "ReaperKing.Plugins", "ReaperKing.Plugins\ReaperKing.Plugins.csproj", "{3EC210BF-8F87-4E22-953F-0A30E3F38C12}"
EndProject
Project("{FAE04EC0-301F-11D3-BF4B-00C04F79EFBC}") = "Noglin.Ark", "Noglin.Ark\Noglin.Ark.csproj", "{33169EC0-CAB3-4108-80CA-12C979E805E1}"
EndProject
Global
	GlobalSection(SolutionConfigurationPlatforms) = preSolution
		Debug|Any CPU = Debug|Any CPU
		Release|Any CPU = Release|Any CPU
	EndGlobalSection
	GlobalSection(ProjectConfigurationPlatforms) = postSolution
		{E6F52C23-9E60-4666-9F3A-A38D1039869A}.Debug|Any CPU.ActiveCfg = Debug|Any CPU
		{E6F52C23-9E60-4666-9F3A-A38D1039869A}.Debug|Any CPU.Build.0 = Debug|Any CPU
		{E6F52C23-9E60-4666-9F3A-A38D1039869A}.Release|Any CPU.ActiveCfg = Release|Any CPU
		{E6F52C23-9E60-4666-9F3A-A38D1039869A}.Release|Any CPU.Build.0 = Release|Any CPU
		{FE9301B2-DA74-4379-92E1-FA94E08A1788}.Debug|Any CPU.ActiveCfg = Debug|Any CPU
		{FE9301B2-DA74-4379-92E1-FA94E08A1788}.Debug|Any CPU.Build.0 = Debug|Any CPU
		{FE9301B2-DA74-4379-92E1-FA94E08A1788}.Release|Any CPU.ActiveCfg = Release|Any CPU
		{FE9301B2-DA74-4379-92E1-FA94E08A1788}.Release|Any CPU.Build.0 = Release|Any CPU
		{77A094AC-D306-415E-A2C7-B620C6EB2741}.Debug|Any CPU.ActiveCfg = Debug|Any CPU
		{77A094AC-D306-415E-A2C7-B620C6EB2741}.Debug|Any CPU.Build.0 = Debug|Any CPU
		{77A094AC-D306-415E-A2C7-B620C6EB2741}.Release|Any CPU.ActiveCfg = Release|Any CPU
		{77A094AC-D306-415E-A2C7-B620C6EB2741}.Release|Any CPU.Build.0 = Release|Any CPU
		{00441C0C-1958-4F50-B2B8-0853339788C1}.Debug|Any CPU.ActiveCfg = Debug|Any CPU
		{00441C0C-1958-4F50-B2B8-0853339788C1}.Debug|Any CPU.Build.0 = Debug|Any CPU
		{00441C0C-1958-4F50-B2B8-0853339788C1}.Release|Any CPU.ActiveCfg = Release|Any CPU
		{00441C0C-1958-4F50-B2B8-0853339788C1}.Release|Any CPU.Build.0 = Release|Any CPU
		{7C9D4FA0-A483-4689-A612-F48222A0E92C}.Debug|Any CPU.ActiveCfg = Debug|Any CPU
		{7C9D4FA0-A483-4689-A612-F48222A0E92C}.Debug|Any CPU.Build.0 = Debug|Any CPU
		{7C9D4FA0-A483-4689-A612-F48222A0E92C}.Release|Any CPU.ActiveCfg = Release|Any CPU
		{7C9D4FA0-A483-4689-A612-F48222A0E92C}.Release|Any CPU.Build.0 = Release|Any CPU
		{871FC3F2-BEBB-4A62-9E87-A08C7DEFFA07}.Debug|Any CPU.ActiveCfg = Debug|Any CPU
		{871FC3F2-BEBB-4A62-9E87-A08C7DEFFA07}.Debug|Any CPU.Build.0 = Debug|Any CPU
		{871FC3F2-BEBB-4A62-9E87-A08C7DEFFA07}.Release|Any CPU.ActiveCfg = Release|Any CPU
		{871FC3F2-BEBB-4A62-9E87-A08C7DEFFA07}.Release|Any CPU.Build.0 = Release|Any CPU
		{7BAF9082-99A2-4821-BF98-C028EDA53015}.Debug|Any CPU.ActiveCfg = Debug|Any CPU
		{7BAF9082-99A2-4821-BF98-C028EDA53015}.Debug|Any CPU.Build.0 = Debug|Any CPU
		{7BAF9082-99A2-4821-BF98-C028EDA53015}.Release|Any CPU.ActiveCfg = Release|Any CPU
		{7BAF9082-99A2-4821-BF98-C028EDA53015}.Release|Any CPU.Build.0 = Release|Any CPU
		{D7847279-3F0B-4EDD-9402-3BA0178C9EA1}.Debug|Any CPU.ActiveCfg = Debug|Any CPU
		{D7847279-3F0B-4EDD-9402-3BA0178C9EA1}.Debug|Any CPU.Build.0 = Debug|Any CPU
		{D7847279-3F0B-4EDD-9402-3BA0178C9EA1}.Release|Any CPU.ActiveCfg = Release|Any CPU
		{D7847279-3F0B-4EDD-9402-3BA0178C9EA1}.Release|Any CPU.Build.0 = Release|Any CPU
		{BA321F63-5D71-49E4-B005-950BFFAEDD80}.Debug|Any CPU.ActiveCfg = Debug|Any CPU
		{BA321F63-5D71-49E4-B005-950BFFAEDD80}.Debug|Any CPU.Build.0 = Debug|Any CPU
		{BA321F63-5D71-49E4-B005-950BFFAEDD80}.Release|Any CPU.ActiveCfg = Release|Any CPU
		{BA321F63-5D71-49E4-B005-950BFFAEDD80}.Release|Any CPU.Build.0 = Release|Any CPU
		{3EC210BF-8F87-4E22-953F-0A30E3F38C12}.Debug|Any CPU.ActiveCfg = Debug|Any CPU
		{3EC210BF-8F87-4E22-953F-0A30E3F38C12}.Debug|Any CPU.Build.0 = Debug|Any CPU
		{3EC210BF-8F87-4E22-953F-0A30E3F38C12}.Release|Any CPU.ActiveCfg = Release|Any CPU
		{3EC210BF-8F87-4E22-953F-0A30E3F38C12}.Release|Any CPU.Build.0 = Release|Any CPU
		{33169EC0-CAB3-4108-80CA-12C979E805E1}.Debug|Any CPU.ActiveCfg = Debug|Any CPU
		{33169EC0-CAB3-4108-80CA-12C979E805E1}.Debug|Any CPU.Build.0 = Debug|Any CPU
		{33169EC0-CAB3-4108-80CA-12C979E805E1}.Release|Any CPU.ActiveCfg = Release|Any CPU
		{33169EC0-CAB3-4108-80CA-12C979E805E1}.Release|Any CPU.Build.0 = Release|Any CPU
	EndGlobalSection
EndGlobal
